FORGE
  remote: https://forgeapi.puppetlabs.com
  specs:
    fiddyspence-hash_file (1.0.2)
    maestrodev-wget (1.7.1)
    puppetlabs-apt (2.2.1)
      puppetlabs-stdlib (< 5.0.0, >= 4.5.0)
    puppetlabs-concat (1.2.3)
      puppetlabs-stdlib (< 5.0.0, >= 3.2.0)
    puppetlabs-java (1.4.3)
      puppetlabs-stdlib (< 5.0.0, >= 2.4.0)
    puppetlabs-stdlib (4.11.0)
    puppetlabs-vcsrepo (1.3.2)
    thias-postfix (0.3.4)
    treydock-gpg_key (0.0.3)
    willdurand-composer (1.1.1)
      maestrodev-wget (>= 1.2.0)

GIT
  remote: https://github.com/camptocamp/puppet-openssl
  ref: master
  sha: ae7965e6565a7445e5378d12ee928ab9d9db1b01
  specs:
    camptocamp-openssl (1.5.1)
      puppetlabs-stdlib (< 5.0.0, >= 2.0.0)

GIT
  remote: https://github.com/deadpoint/puppet-zypprepo
  ref: master
  sha: 64eb804e7da4bd22e153d6674caa4815daf20c41
  specs:
    deadpoint-zypprepo (1.0.2)

GIT
  remote: https://github.com/puppet-community/puppet-nodejs
  ref: master
  sha: 39a910db8552f7c82f8a47e4d708a53b74f31952
  specs:
    puppet-nodejs (1.3.1-rc0)
      puppetlabs-stdlib (< 5.0.0, >= 4.1.0)
      treydock-gpg_key (< 1.0.0, >= 0.0.3)

GIT
  remote: https://github.com/rodjek/puppet-logrotate.git
  ref: master
  sha: 89ee645e2350045be48df7ac3ef86cbe4cd9b096
  specs:
    rodjek-logrotate (1.1.1)

GIT
  remote: https://gitlab.berlinonline.net/puppets/basics.git
  ref: 0.0.4
  sha: d34cafa993562b45c054d67294aa0c0be738a39e
  specs:
    berlinonline-basics (0.0.1)

GIT
  remote: https://gitlab.berlinonline.net/puppets/berlinonline.git
  ref: 0.4.3
  sha: 56a271a0f580befda891c3cc05e9568474d8e280
  specs:
    berlinonline-berlinonline (0.4.0)
      berlinonline-basics (>= 0)
      berlinonline-converjon (>= 0)
      berlinonline-couchdb (>= 0)
      berlinonline-elasticsearch (>= 0)
      berlinonline-local_conf (>= 0)
      berlinonline-nginx (= 0.0.1)
      berlinonline-php (>= 0)
      berlinonline-phpfpm (>= 0)
      berlinonline-ssh (>= 0)
      berlinonline-sudo (>= 0)
      camptocamp-openssl (>= 0)
      deadpoint-zypprepo (>= 0)
      fiddyspence-hash_file (>= 0)
      puppet-nodejs (>= 0)
      puppetlabs-apt (>= 0)
      puppetlabs-concat (= 1.2.3)
      puppetlabs-stdlib (>= 0)
      puppetlabs-vcsrepo (>= 0)
      rodjek-logrotate (>= 0)
      thias-postfix (>= 0)
      willdurand-composer (>= 0)

GIT
  remote: https://gitlab.berlinonline.net/puppets/converjon.git
  ref: 0.2.3
  sha: 209fda05a863fb35679b8999d3436463906d9fb4
  specs:
    berlinonline-converjon (0.2.1)

GIT
  remote: https://gitlab.berlinonline.net/puppets/couchdb.git
  ref: 0.0.4
  sha: 8f2b7734bb303d80528115df57f258b87a7831d6
  specs:
    berlinonline-couchdb (0.0.1)

GIT
  remote: https://gitlab.berlinonline.net/puppets/elasticsearch.git
  ref: 0.1.1
  sha: d38bf7add3d4451449205fbfc2cbbf02e0e1f47b
  specs:
    berlinonline-elasticsearch (0.0.3)
      deadpoint-zypprepo (>= 0)
      puppetlabs-java (>= 0)
      puppetlabs-stdlib (>= 0)

GIT
  remote: https://gitlab.berlinonline.net/puppets/local_conf.git
  ref: 0.0.5
  sha: 3bf9e7aac0966287075b7973d69edfadf66aa67c
  specs:
    berlinonline-local_conf (0.0.5)
      puppetlabs-stdlib (>= 1.0.0)

GIT
  remote: https://gitlab.berlinonline.net/puppets/nginx.git
  ref: 0.0.2
  sha: 7e57442d9f664be9fe49356b804b8c4dd3527dec
  specs:
    berlinonline-nginx (0.0.1)
      puppetlabs-concat (>= 0)
      puppetlabs-stdlib (>= 0)

GIT
  remote: https://gitlab.berlinonline.net/puppets/php.git
  ref: 0.2.0
  sha: 2998596704a2a5787beeb9c59c988e41fa8588fd
  specs:
    berlinonline-php (0.0.1)

GIT
  remote: https://gitlab.berlinonline.net/puppets/phpfpm.git
  ref: master
  sha: 85781f143bbe7d4f3b8e5c6791b432db0f2dffe8
  specs:
    berlinonline-phpfpm (0.0.4)

GIT
  remote: https://gitlab.berlinonline.net/puppets/ssh.git
  ref: 0.0.2
  sha: 7614920ec4f122144855e4283fd00d32e7d3b07b
  specs:
    berlinonline-ssh (0.0.1)

GIT
  remote: https://gitlab.berlinonline.net/puppets/sudo.git
  ref: production
  sha: 66b20c213a6b9880d6f4bacac15749d4d1399bb7
  specs:
    berlinonline-sudo (0.3.7)

DEPENDENCIES
  berlinonline-berlinonline (>= 0)

